# This file is automatically @generated by Cargo.
# It is not intended for manual editing.
version = 3

[[package]]
name = "bytemuck"
version = "1.13.1"
source = "registry+https://github.com/rust-lang/crates.io-index"
checksum = "17febce684fd15d89027105661fec94afb475cb995fbc59d2865198446ba2eea"

[[package]]
name = "byteorder"
version = "1.4.3"
source = "registry+https://github.com/rust-lang/crates.io-index"
checksum = "14c189c53d098945499cdfa7ecc63567cf3886b3332b312a5b4585d8d3a6a610"

[[package]]
name = "retain_mut"
version = "0.1.7"
source = "registry+https://github.com/rust-lang/crates.io-index"
checksum = "8c31b5c4033f8fdde8700e4657be2c497e7288f01515be52168c631e2e4d4086"

[[package]]
name = "roaring"
version = "0.10.1"
source = "registry+https://github.com/rust-lang/crates.io-index"
checksum = "ef0fb5e826a8bde011ecae6a8539dd333884335c57ff0f003fbe27c25bbe8f71"
dependencies = [
 "bytemuck",
 "byteorder",
 "retain_mut",
]

[[package]]
name = "roaring-test"
version = "0.1.0"
dependencies = [
 "roaring",
]
